Microsoft Visual Studio Solution File, Format Version 12.00
# Visual Studio Version 17
VisualStudioVersion = 17.13.35828.75
MinimumVisualStudioVersion = 10.0.40219.1
Project("{FAE04EC0-301F-11D3-BF4B-00C04F79EFBC}") = "NovaPropostaAnaliseCreditoPWA", "NovaPropostaAnaliseCreditoPWA.csproj", "{CD98038B-63D1-441C-8512-7221F8E5BADC}"
EndProject
Global
	GlobalSection(SolutionConfigurationPlatforms) = preSolution
		Debug|Any CPU = Debug|Any CPU
		Release|Any CPU = Release|Any CPU
	EndGlobalSection
	GlobalSection(ProjectConfigurationPlatforms) = postSolution
		{CD98038B-63D1-441C-8512-7221F8E5BADC}.Debug|Any CPU.ActiveCfg = Debug|Any CPU
		{CD98038B-63D1-441C-8512-7221F8E5BADC}.Debug|Any CPU.Build.0 = Debug|Any CPU
		{CD98038B-63D1-441C-8512-7221F8E5BADC}.Release|Any CPU.ActiveCfg = Release|Any CPU
		{CD98038B-63D1-441C-8512-7221F8E5BADC}.Release|Any CPU.Build.0 = Release|Any CPU
	EndGlobalSection
	GlobalSection(SolutionProperties) = preSolution
		HideSolutionNode = FALSE
	EndGlobalSection
	GlobalSection(ExtensibilityGlobals) = postSolution
		SolutionGuid = {D206CE57-157E-4D2A-B9C4-A51365D90E1E}
	EndGlobalSection
EndGlobal
